// !$*UTF8*$!
{
	archiveVersion = 1;
	classes = {
	};
	objectVersion = 50;
	objects = {

/* Begin PBXBuildFile section */
		FC0446DB21CA641A00C12647 /* Realm.framework in Embed Frameworks */ = {isa = PBXBuildFile; fileRef = FC5ADC9D21CA35BA00AA3E4F /* Realm.framework */; settings = {ATTRIBUTES = (CodeSignOnCopy, RemoveHeadersOnCopy, ); }; };
		FC0446DE21CA641E00C12647 /* RealmSwift.framework in Embed Frameworks */ = {isa = PBXBuildFile; fileRef = FC5ADC9C21CA35BA00AA3E4F /* RealmSwift.framework */; settings = {ATTRIBUTES = (CodeSignOnCopy, RemoveHeadersOnCopy, ); }; };
		FC5ADC8B21CA34AD00AA3E4F /* AppDelegate.swift in Sources */ = {isa = PBXBuildFile; fileRef = FC5ADC8A21CA34AD00AA3E4F /* AppDelegate.swift */; };
		FC5ADC8D21CA34AD00AA3E4F /* ViewController.swift in Sources */ = {isa = PBXBuildFile; fileRef = FC5ADC8C21CA34AD00AA3E4F /* ViewController.swift */; };
		FC5ADC9221CA34B100AA3E4F /* Assets.xcassets in Resources */ = {isa = PBXBuildFile; fileRef = FC5ADC9121CA34B100AA3E4F /* Assets.xcassets */; };
		FC5ADC9521CA34B100AA3E4F /* LaunchScreen.storyboard in Resources */ = {isa = PBXBuildFile; fileRef = FC5ADC9321CA34B100AA3E4F /* LaunchScreen.storyboard */; };
		FC5ADCA121CA371100AA3E4F /* Constants.swift in Sources */ = {isa = PBXBuildFile; fileRef = FC5ADCA021CA371100AA3E4F /* Constants.swift */; };
		FC5ADCA321CA383900AA3E4F /* WelcomeViewController.swift in Sources */ = {isa = PBXBuildFile; fileRef = FC5ADCA221CA383900AA3E4F /* WelcomeViewController.swift */; };
		FC5ADCA521CA3A9700AA3E4F /* Item.swift in Sources */ = {isa = PBXBuildFile; fileRef = FC5ADCA421CA3A9700AA3E4F /* Item.swift */; };
		FC5ADCA721CA3AD900AA3E4F /* ItemsViewController.swift in Sources */ = {isa = PBXBuildFile; fileRef = FC5ADCA621CA3AD900AA3E4F /* ItemsViewController.swift */; };
/* End PBXBuildFile section */

/* Begin PBXCopyFilesBuildPhase section */
		FC0446DC21CA641A00C12647 /* Embed Frameworks */ = {
			isa = PBXCopyFilesBuildPhase;
			buildActionMask = 2147483647;
			dstPath = "";
			dstSubfolderSpec = 10;
			files = (
				FC0446DE21CA641E00C12647 /* RealmSwift.framework in Embed Frameworks */,
				FC0446DB21CA641A00C12647 /* Realm.framework in Embed Frameworks */,
			);
			name = "Embed Frameworks";
			runOnlyForDeploymentPostprocessing = 0;
		};
/* End PBXCopyFilesBuildPhase section */

/* Begin PBXFileReference section */
		FC5ADC8721CA34AD00AA3E4F /* realmTask.app */ = {isa = PBXFileReference; explicitFileType = wrapper.application; includeInIndex = 0; path = realmTask.app; sourceTree = BUILT_PRODUCTS_DIR; };
		FC5ADC8A21CA34AD00AA3E4F /* AppDelegate.swift */ = {isa = PBXFileReference; lastKnownFileType = sourcecode.swift; path = AppDelegate.swift; sourceTree = "<group>"; };
		FC5ADC8C21CA34AD00AA3E4F /* ViewController.swift */ = {isa = PBXFileReference; lastKnownFileType = sourcecode.swift; path = ViewController.swift; sourceTree = "<group>"; };
		FC5ADC9121CA34B100AA3E4F /* Assets.xcassets */ = {isa = PBXFileReference; lastKnownFileType = folder.assetcatalog; path = Assets.xcassets; sourceTree = "<group>"; };
		FC5ADC9421CA34B100AA3E4F /* Base */ = {isa = PBXFileReference; lastKnownFileType = file.storyboard; name = Base; path = Base.lproj/LaunchScreen.storyboard; sourceTree = "<group>"; };
		FC5ADC9621CA34B100AA3E4F /* Info.plist */ = {isa = PBXFileReference; lastKnownFileType = text.plist.xml; path = Info.plist; sourceTree = "<group>"; };
		FC5ADC9C21CA35BA00AA3E4F /* RealmSwift.framework */ = {isa = PBXFileReference; lastKnownFileType = wrapper.framework; path = RealmSwift.framework; sourceTree = "<group>"; };
		FC5ADC9D21CA35BA00AA3E4F /* Realm.framework */ = {isa = PBXFileReference; lastKnownFileType = wrapper.framework; path = Realm.framework; sourceTree = "<group>"; };
		FC5ADCA021CA371100AA3E4F /* Constants.swift */ = {isa = PBXFileReference; lastKnownFileType = sourcecode.swift; path = Constants.swift; sourceTree = "<group>"; };
		FC5ADCA221CA383900AA3E4F /* WelcomeViewController.swift */ = {isa = PBXFileReference; lastKnownFileType = sourcecode.swift; path = WelcomeViewController.swift; sourceTree = "<group>"; };
		FC5ADCA421CA3A9700AA3E4F /* Item.swift */ = {isa = PBXFileReference; lastKnownFileType = sourcecode.swift; path = Item.swift; sourceTree = "<group>"; };
		FC5ADCA621CA3AD900AA3E4F /* ItemsViewController.swift */ = {isa = PBXFileReference; lastKnownFileType = sourcecode.swift; path = ItemsViewController.swift; sourceTree = "<group>"; };
/* End PBXFileReference section */

/* Begin PBXFrameworksBuildPhase section */
		FC5ADC8421CA34AD00AA3E4F /* Frameworks */ = {
			isa = PBXFrameworksBuildPhase;
			buildActionMask = 2147483647;
			files = (
			);
			runOnlyForDeploymentPostprocessing = 0;
		};
/* End PBXFrameworksBuildPhase section */

/* Begin PBXGroup section */
		FC5ADC7E21CA34AD00AA3E4F = {
			isa = PBXGroup;
			children = (
				FC5ADC9D21CA35BA00AA3E4F /* Realm.framework */,
				FC5ADC9C21CA35BA00AA3E4F /* RealmSwift.framework */,
				FC5ADC8921CA34AD00AA3E4F /* realmTask */,
				FC5ADC8821CA34AD00AA3E4F /* Products */,
			);
			sourceTree = "<group>";
		};
		FC5ADC8821CA34AD00AA3E4F /* Products */ = {
			isa = PBXGroup;
			children = (
				FC5ADC8721CA34AD00AA3E4F /* realmTask.app */,
			);
			name = Products;
			sourceTree = "<group>";
		};
		FC5ADC8921CA34AD00AA3E4F /* realmTask */ = {
			isa = PBXGroup;
			children = (
				FC5ADC8A21CA34AD00AA3E4F /* AppDelegate.swift */,
				FC5ADC8C21CA34AD00AA3E4F /* ViewController.swift */,
				FC5ADC9121CA34B100AA3E4F /* Assets.xcassets */,
				FC5ADC9321CA34B100AA3E4F /* LaunchScreen.storyboard */,
				FC5ADC9621CA34B100AA3E4F /* Info.plist */,
				FC5ADCA021CA371100AA3E4F /* Constants.swift */,
				FC5ADCA221CA383900AA3E4F /* WelcomeViewController.swift */,
				FC5ADCA421CA3A9700AA3E4F /* Item.swift */,
				FC5ADCA621CA3AD900AA3E4F /* ItemsViewController.swift */,
			);
			path = realmTask;
			sourceTree = "<group>";
		};
/* End PBXGroup section */

/* Begin PBXNativeTarget section */
		FC5ADC8621CA34AD00AA3E4F /* realmTask */ = {
			isa = PBXNativeTarget;
			buildConfigurationList = FC5ADC9921CA34B100AA3E4F /* Build configuration list for PBXNativeTarget "realmTask" */;
			buildPhases = (
				FC5ADC8321CA34AD00AA3E4F /* Sources */,
				FC5ADC8421CA34AD00AA3E4F /* Frameworks */,
				FC5ADC8521CA34AD00AA3E4F /* Resources */,
				FC0446DC21CA641A00C12647 /* Embed Frameworks */,
			);
			buildRules = (
			);
			dependencies = (
			);
			name = realmTask;
			productName = realmTask;
			productReference = FC5ADC8721CA34AD00AA3E4F /* realmTask.app */;
			productType = "com.apple.product-type.application";
		};
/* End PBXNativeTarget section */

/* Begin PBXProject section */
		FC5ADC7F21CA34AD00AA3E4F /* Project object */ = {
			isa = PBXProject;
			attributes = {
				LastSwiftUpdateCheck = 1010;
				LastUpgradeCheck = 1010;
				ORGANIZATIONNAME = "Alsis GHE";
				TargetAttributes = {
					FC5ADC8621CA34AD00AA3E4F = {
						CreatedOnToolsVersion = 10.1;
					};
				};
			};
			buildConfigurationList = FC5ADC8221CA34AD00AA3E4F /* Build configuration list for PBXProject "realmTask" */;
			compatibilityVersion = "Xcode 9.3";
			developmentRegion = en;
			hasScannedForEncodings = 0;
			knownRegions = (
				en,
				Base,
			);
			mainGroup = FC5ADC7E21CA34AD00AA3E4F;
			productRefGroup = FC5ADC8821CA34AD00AA3E4F /* Products */;
			projectDirPath = "";
			projectRoot = "";
			targets = (
				FC5ADC8621CA34AD00AA3E4F /* realmTask */,
			);
		};
/* End PBXProject section */

/* Begin PBXResourcesBuildPhase section */
		FC5ADC8521CA34AD00AA3E4F /* Resources */ = {
			isa = PBXResourcesBuildPhase;
			buildActionMask = 2147483647;
			files = (
				FC5ADC9521CA34B100AA3E4F /* LaunchScreen.storyboard in Resources */,
				FC5ADC9221CA34B100AA3E4F /* Assets.xcassets in Resources */,
			);
			runOnlyForDeploymentPostprocessing = 0;
		};
/* End PBXResourcesBuildPhase section */

/* Begin PBXSourcesBuildPhase section */
		FC5ADC8321CA34AD00AA3E4F /* Sources */ = {
			isa = PBXSourcesBuildPhase;
			buildActionMask = 2147483647;
			files = (
				FC5ADCA521CA3A9700AA3E4F /* Item.swift in Sources */,
				FC5ADCA721CA3AD900AA3E4F /* ItemsViewController.swift in Sources */,
				FC5ADC8D21CA34AD00AA3E4F /* ViewController.swift in Sources */,
				FC5ADCA321CA383900AA3E4F /* WelcomeViewController.swift in Sources */,
				FC5ADC8B21CA34AD00AA3E4F /* AppDelegate.swift in Sources */,
				FC5ADCA121CA371100AA3E4F /* Constants.swift in Sources */,
			);
			runOnlyForDeploymentPostprocessing = 0;
		};
/* End PBXSourcesBuildPhase section */

/* Begin PBXVariantGroup section */
		FC5ADC9321CA34B100AA3E4F /* LaunchScreen.storyboard */ = {
			isa = PBXVariantGroup;
			children = (
				FC5ADC9421CA34B100AA3E4F /* Base */,
			);
			name = LaunchScreen.storyboard;
			sourceTree = "<group>";
		};
/* End PBXVariantGroup section */

/* Begin XCBuildConfiguration section */
		FC5ADC9721CA34B100AA3E4F /* Debug */ = {
			isa = XCBuildConfiguration;
			buildSettings = {
				ALWAYS_SEARCH_USER_PATHS = NO;
				CLANG_ANALYZER_NONNULL = YES;
				CLANG_ANALYZER_NUMBER_OBJECT_CONVERSION = YES_AGGRESSIVE;
				CLANG_CXX_LANGUAGE_STANDARD = "gnu++14";
				CLANG_CXX_LIBRARY = "libc++";
				CLANG_ENABLE_MODULES = YES;
				CLANG_ENABLE_OBJC_ARC = YES;
				CLANG_ENABLE_OBJC_WEAK = YES;
				CLANG_WARN_BLOCK_CAPTURE_AUTORELEASING = YES;
				CLANG_WARN_BOOL_CONVERSION = YES;
				CLANG_WARN_COMMA = YES;
				CLANG_WARN_CONSTANT_CONVERSION = YES;
				CLANG_WARN_DEPRECATED_OBJC_IMPLEMENTATIONS = YES;
				CLANG_WARN_DIRECT_OBJC_ISA_USAGE = YES_ERROR;
				CLANG_WARN_DOCUMENTATION_COMMENTS = YES;
				CLANG_WARN_EMPTY_BODY = YES;
				CLANG_WARN_ENUM_CONVERSION = YES;
				CLANG_WARN_INFINITE_RECURSION = YES;
				CLANG_WARN_INT_CONVERSION = YES;
				CLANG_WARN_NON_LITERAL_NULL_CONVERSION = YES;
				CLANG_WARN_OBJC_IMPLICIT_RETAIN_SELF = YES;
				CLANG_WARN_OBJC_LITERAL_CONVERSION = YES;
				CLANG_WARN_OBJC_ROOT_CLASS = YES_ERROR;
				CLANG_WARN_RANGE_LOOP_ANALYSIS = YES;
				CLANG_WARN_STRICT_PROTOTYPES = YES;
				CLANG_WARN_SUSPICIOUS_MOVE = YES;
				CLANG_WARN_UNGUARDED_AVAILABILITY = YES_AGGRESSIVE;
				CLANG_WARN_UNREACHABLE_CODE = YES;
				CLANG_WARN__DUPLICATE_METHOD_MATCH = YES;
				CODE_SIGN_IDENTITY = "iPhone Developer";
				COPY_PHASE_STRIP = NO;
				DEBUG_INFORMATION_FORMAT = dwarf;
				ENABLE_STRICT_OBJC_MSGSEND = YES;
				ENABLE_TESTABILITY = YES;
				GCC_C_LANGUAGE_STANDARD = gnu11;
				GCC_DYNAMIC_NO_PIC = NO;
				GCC_NO_COMMON_BLOCKS = YES;
				GCC_OPTIMIZATION_LEVEL = 0;
				GCC_PREPROCESSOR_DEFINITIONS = (
					"DEBUG=1",
					"$(inherited)",
				);
				GCC_WARN_64_TO_32_BIT_CONVERSION = YES;
				GCC_WARN_ABOUT_RETURN_TYPE = YES_ERROR;
				GCC_WARN_UNDECLARED_SELECTOR = YES;
				GCC_WARN_UNINITIALIZED_AUTOS = YES_AGGRESSIVE;
				GCC_WARN_UNUSED_FUNCTION = YES;
				GCC_WARN_UNUSED_VARIABLE = YES;
				IPHONEOS_DEPLOYMENT_TARGET = 12.1;
				MTL_ENABLE_DEBUG_INFO = INCLUDE_SOURCE;
				MTL_FAST_MATH = YES;
				ONLY_ACTIVE_ARCH = YES;
				SDKROOT = iphoneos;
				SWIFT_ACTIVE_COMPILATION_CONDITIONS = DEBUG;
				SWIFT_OPTIMIZATION_LEVEL = "-Onone";
			};
			name = Debug;
		};
		FC5ADC9821CA34B100AA3E4F /* Release */ = {
			isa = XCBuildConfiguration;
			buildSettings = {
				ALWAYS_SEARCH_USER_PATHS = NO;
				CLANG_ANALYZER_NONNULL = YES;
				CLANG_ANALYZER_NUMBER_OBJECT_CONVERSION = YES_AGGRESSIVE;
				CLANG_CXX_LANGUAGE_STANDARD = "gnu++14";
				CLANG_CXX_LIBRARY = "libc++";
				CLANG_ENABLE_MODULES = YES;
				CLANG_ENABLE_OBJC_ARC = YES;
				CLANG_ENABLE_OBJC_WEAK = YES;
				CLANG_WARN_BLOCK_CAPTURE_AUTORELEASING = YES;
				CLANG_WARN_BOOL_CONVERSION = YES;
				CLANG_WARN_COMMA = YES;
				CLANG_WARN_CONSTANT_CONVERSION = YES;
				CLANG_WARN_DEPRECATED_OBJC_IMPLEMENTATIONS = YES;
				CLANG_WARN_DIRECT_OBJC_ISA_USAGE = YES_ERROR;
				CLANG_WARN_DOCUMENTATION_COMMENTS = YES;
				CLANG_WARN_EMPTY_BODY = YES;
				CLANG_WARN_ENUM_CONVERSION = YES;
				CLANG_WARN_INFINITE_RECURSION = YES;
				CLANG_WARN_INT_CONVERSION = YES;
				CLANG_WARN_NON_LITERAL_NULL_CONVERSION = YES;
				CLANG_WARN_OBJC_IMPLICIT_RETAIN_SELF = YES;
				CLANG_WARN_OBJC_LITERAL_CONVERSION = YES;
				CLANG_WARN_OBJC_ROOT_CLASS = YES_ERROR;
				CLANG_WARN_RANGE_LOOP_ANALYSIS = YES;
				CLANG_WARN_STRICT_PROTOTYPES = YES;
				CLANG_WARN_SUSPICIOUS_MOVE = YES;
				CLANG_WARN_UNGUARDED_AVAILABILITY = YES_AGGRESSIVE;
				CLANG_WARN_UNREACHABLE_CODE = YES;
				CLANG_WARN__DUPLICATE_METHOD_MATCH = YES;
				CODE_SIGN_IDENTITY = "iPhone Developer";
				COPY_PHASE_STRIP = NO;
				DEBUG_INFORMATION_FORMAT = "dwarf-with-dsym";
				ENABLE_NS_ASSERTIONS = NO;
				ENABLE_STRICT_OBJC_MSGSEND = YES;
				GCC_C_LANGUAGE_STANDARD = gnu11;
				GCC_NO_COMMON_BLOCKS = YES;
				GCC_WARN_64_TO_32_BIT_CONVERSION = YES;
				GCC_WARN_ABOUT_RETURN_TYPE = YES_ERROR;
				GCC_WARN_UNDECLARED_SELECTOR = YES;
				GCC_WARN_UNINITIALIZED_AUTOS = YES_AGGRESSIVE;
				GCC_WARN_UNUSED_FUNCTION = YES;
				GCC_WARN_UNUSED_VARIABLE = YES;
				IPHONEOS_DEPLOYMENT_TARGET = 12.1;
				MTL_ENABLE_DEBUG_INFO = NO;
				MTL_FAST_MATH = YES;
				SDKROOT = iphoneos;
				SWIFT_COMPILATION_MODE = wholemodule;
				SWIFT_OPTIMIZATION_LEVEL = "-O";
				VALIDATE_PRODUCT = YES;
			};
			name = Release;
		};
		FC5ADC9A21CA34B100AA3E4F /* Debug */ = {
			isa = XCBuildConfiguration;
			buildSettings = {
				ASSETCATALOG_COMPILER_APPICON_NAME = AppIcon;
				CODE_SIGN_STYLE = Automatic;
				DEVELOPMENT_TEAM = 7AKBMT4K36;
				FRAMEWORK_SEARCH_PATHS = (
					"$(inherited)",
					"$(PROJECT_DIR)",
				);
				INFOPLIST_FILE = realmTask/Info.plist;
				LD_RUNPATH_SEARCH_PATHS = (
					"$(inherited)",
					"@executable_path/Frameworks",
				);
				PRODUCT_BUNDLE_IDENTIFIER = bgil.proyectos.realmTask;
				PRODUCT_NAME = "$(TARGET_NAME)";
				SWIFT_VERSION = 4.2;
				TARGETED_DEVICE_FAMILY = "1,2";
			};
			name = Debug;
		};
		FC5ADC9B21CA34B100AA3E4F /* Release */ = {
			isa = XCBuildConfiguration;
			buildSettings = {
				ASSETCATALOG_COMPILER_APPICON_NAME = AppIcon;
				CODE_SIGN_STYLE = Automatic;
				DEVELOPMENT_TEAM = 7AKBMT4K36;
				FRAMEWORK_SEARCH_PATHS = (
					"$(inherited)",
					"$(PROJECT_DIR)",
				);
				INFOPLIST_FILE = realmTask/Info.plist;
				LD_RUNPATH_SEARCH_PATHS = (
					"$(inherited)",
					"@executable_path/Frameworks",
				);
				PRODUCT_BUNDLE_IDENTIFIER = bgil.proyectos.realmTask;
				PRODUCT_NAME = "$(TARGET_NAME)";
				SWIFT_VERSION = 4.2;
				TARGETED_DEVICE_FAMILY = "1,2";
			};
			name = Release;
		};
/* End XCBuildConfiguration section */

/* Begin XCConfigurationList section */
		FC5ADC8221CA34AD00AA3E4F /* Build configuration list for PBXProject "realmTask" */ = {
			isa = XCConfigurationList;
			buildConfigurations = (
				FC5ADC9721CA34B100AA3E4F /* Debug */,
				FC5ADC9821CA34B100AA3E4F /* Release */,
			);
			defaultConfigurationIsVisible = 0;
			defaultConfigurationName = Release;
		};
		FC5ADC9921CA34B100AA3E4F /* Build configuration list for PBXNativeTarget "realmTask" */ = {
			isa = XCConfigurationList;
			buildConfigurations = (
				FC5ADC9A21CA34B100AA3E4F /* Debug */,
				FC5ADC9B21CA34B100AA3E4F /* Release */,
			);
			defaultConfigurationIsVisible = 0;
			defaultConfigurationName = Release;
		};
/* End XCConfigurationList section */
	};
	rootObject = FC5ADC7F21CA34AD00AA3E4F /* Project object */;
}
